
Microsoft Visual Studio Solution File, Format Version 12.00
# Visual Studio Version 17
VisualStudioVersion = 17.6.33723.286
MinimumVisualStudioVersion = 10.0.40219.1
Project("{8BC9CEB8-8B4A-11D0-8D11-00A0C91BC942}") = "230608", "230608.vcxproj", "{8B2E90C9-21CC-4F56-A75C-4D06ADD1C1DC}"
EndProject
Global
	GlobalSection(SolutionConfigurationPlatforms) = preSolution
		Debug|x64 = Debug|x64
		Debug|x86 = Debug|x86
		Release|x64 = Release|x64
		Release|x86 = Release|x86
	EndGlobalSection
	GlobalSection(ProjectConfigurationPlatforms) = postSolution
		{8B2E90C9-21CC-4F56-A75C-4D06ADD1C1DC}.Debug|x64.ActiveCfg = Debug|x64
		{8B2E90C9-21CC-4F56-A75C-4D06ADD1C1DC}.Debug|x64.Build.0 = Debug|x64
		{8B2E90C9-21CC-4F56-A75C-4D06ADD1C1DC}.Debug|x86.ActiveCfg = Debug|Win32
		{8B2E90C9-21CC-4F56-A75C-4D06ADD1C1DC}.Debug|x86.Build.0 = Debug|Win32
		{8B2E90C9-21CC-4F56-A75C-4D06ADD1C1DC}.Release|x64.ActiveCfg = Release|x64
		{8B2E90C9-21CC-4F56-A75C-4D06ADD1C1DC}.Release|x64.Build.0 = Release|x64
		{8B2E90C9-21CC-4F56-A75C-4D06ADD1C1DC}.Release|x86.ActiveCfg = Release|Win32
		{8B2E90C9-21CC-4F56-A75C-4D06ADD1C1DC}.Release|x86.Build.0 = Release|Win32
	EndGlobalSection
	GlobalSection(SolutionProperties) = preSolution
		HideSolutionNode = FALSE
	EndGlobalSection
	GlobalSection(ExtensibilityGlobals) = postSolution
		SolutionGuid = {E6DAFA2A-2691-41EB-887B-737DD656DB9C}
	EndGlobalSection
EndGlobal
